
Microsoft Visual Studio Solution File, Format Version 12.00
# Visual Studio Version 17
VisualStudioVersion = 17.0.31903.59
MinimumVisualStudioVersion = 10.0.40219.1
Project("{2150E333-8FDC-42A3-9474-1A3956D46DE8}") = "src", "src", "{827E0CD3-B72D-47B6-A68D-7590B98EB39B}"
EndProject
Project("{FAE04EC0-301F-11D3-BF4B-00C04F79EFBC}") = "ApiGateway", "src\ApiGateway\ApiGateway.csproj", "{DE32BB5C-5D9E-47C5-A1FD-A5CEEBF56B45}"
EndProject
Project("{FAE04EC0-301F-11D3-BF4B-00C04F79EFBC}") = "Auth.API", "src\Services\Auth\Auth.API\Auth.API.csproj", "{1A1DC997-BF35-4B96-8DC2-D8608A3084DE}"
EndProject
Project("{FAE04EC0-301F-11D3-BF4B-00C04F79EFBC}") = "Auth.Application", "src\Services\Auth\Auth.Application\Auth.Application.csproj", "{4A288D96-60B6-451B-A142-747D074CE42E}"
EndProject
Project("{FAE04EC0-301F-11D3-BF4B-00C04F79EFBC}") = "Auth.Domain", "src\Services\Auth\Auth.Domain\Auth.Domain.csproj", "{83FA1B34-EEB2-43DB-A5C5-9B4CC7F3690E}"
EndProject
Project("{FAE04EC0-301F-11D3-BF4B-00C04F79EFBC}") = "Auth.Infrastructure", "src\Services\Auth\Auth.Infrastructure\Auth.Infrastructure.csproj", "{53128F2D-AF70-4D06-8777-F5DD6B0E813F}"
EndProject
Project("{FAE04EC0-301F-11D3-BF4B-00C04F79EFBC}") = "Parking.API", "src\Services\Parking\Parking.API\Parking.API.csproj", "{377FDA0B-70D3-4C97-BAA4-B98D095D63F5}"
EndProject
Project("{FAE04EC0-301F-11D3-BF4B-00C04F79EFBC}") = "Parking.Application", "src\Services\Parking\Parking.Application\Parking.Application.csproj", "{76DBDDDB-1B3C-42A8-B2D2-3F14A0669C44}"
EndProject
Project("{FAE04EC0-301F-11D3-BF4B-00C04F79EFBC}") = "Parking.Domain", "src\Services\Parking\Parking.Domain\Parking.Domain.csproj", "{B205E8E5-2F02-4EB7-BE56-3F4A22DF7F32}"
EndProject
Project("{FAE04EC0-301F-11D3-BF4B-00C04F79EFBC}") = "Parking.Infrastructure", "src\Services\Parking\Parking.Infrastructure\Parking.Infrastructure.csproj", "{F0D1501E-3566-45C2-B925-4B1B3B76AFF8}"
EndProject
Project("{FAE04EC0-301F-11D3-BF4B-00C04F79EFBC}") = "Payment.API", "src\Services\Payment\Payment.API\Payment.API.csproj", "{FEF5ECF4-CB88-41D4-9A27-D356FADC7BC1}"
EndProject
Project("{FAE04EC0-301F-11D3-BF4B-00C04F79EFBC}") = "Payment.Application", "src\Services\Payment\Payment.Application\Payment.Application.csproj", "{74F22B32-B5B1-4DFD-93C1-25E7C07ADFCE}"
EndProject
Project("{FAE04EC0-301F-11D3-BF4B-00C04F79EFBC}") = "Payment.Domain", "src\Services\Payment\Payment.Domain\Payment.Domain.csproj", "{3AC7DCD7-43CA-4359-A377-65D59746BDB9}"
EndProject
Project("{FAE04EC0-301F-11D3-BF4B-00C04F79EFBC}") = "Payment.Infrastructure", "src\Services\Payment\Payment.Infrastructure\Payment.Infrastructure.csproj", "{B9B26D6B-30D1-4435-9C87-EED7E91EFF55}"
EndProject
Project("{FAE04EC0-301F-11D3-BF4B-00C04F79EFBC}") = "Report.API", "src\Services\Report\Report.API\Report.API.csproj", "{7D338CAD-FB99-4ADF-BBC6-1CCD9C89C28A}"
EndProject
Project("{FAE04EC0-301F-11D3-BF4B-00C04F79EFBC}") = "Report.Application", "src\Services\Report\Report.Application\Report.Application.csproj", "{AAEF7254-7620-4900-83DF-77A5A0028CB8}"
EndProject
Project("{FAE04EC0-301F-11D3-BF4B-00C04F79EFBC}") = "Report.Domain", "src\Services\Report\Report.Domain\Report.Domain.csproj", "{A3B5770F-BA30-4D03-A8E0-3287572B157E}"
EndProject
Project("{FAE04EC0-301F-11D3-BF4B-00C04F79EFBC}") = "Report.Infrastructure", "src\Services\Report\Report.Infrastructure\Report.Infrastructure.csproj", "{E8E50629-C0C6-46AD-922E-640E0D611C6C}"
EndProject
Project("{FAE04EC0-301F-11D3-BF4B-00C04F79EFBC}") = "Shared.Common", "src\Shared\Shared.Common\Shared.Common.csproj", "{94065821-E088-4664-A0D7-B7318BE80B1A}"
EndProject
Project("{FAE04EC0-301F-11D3-BF4B-00C04F79EFBC}") = "Shared.Contracts", "src\Shared\Shared.Contracts\Shared.Contracts.csproj", "{2B0513E8-36C3-4A0B-97C7-0D9C712FDA34}"
EndProject
Project("{2150E333-8FDC-42A3-9474-1A3956D46DE8}") = "tests", "tests", "{0AB3BF05-4346-4AA6-1389-037BE0695223}"
EndProject
Project("{FAE04EC0-301F-11D3-BF4B-00C04F79EFBC}") = "Parking.Application.Tests", "tests\Parking.Application.Tests\Parking.Application.Tests.csproj", "{7FBD6C49-0EAE-45FA-866F-9D9BEA8C7476}"
EndProject
Project("{2150E333-8FDC-42A3-9474-1A3956D46DE8}") = "Services", "Services", "{984BB9B3-3FA3-BE33-9484-CAC21695A33C}"
EndProject
Project("{2150E333-8FDC-42A3-9474-1A3956D46DE8}") = "Parking", "Parking", "{AE739A45-391A-EF30-E101-24A1258AF99D}"
EndProject
Project("{FAE04EC0-301F-11D3-BF4B-00C04F79EFBC}") = "Payment.Application.Tests", "tests\Payment.Application.Tests\Payment.Application.Tests.csproj", "{61F5E171-984D-4F98-922D-FC05E3F9D03F}"
EndProject
Project("{2150E333-8FDC-42A3-9474-1A3956D46DE8}") = "Payment", "Payment", "{3FB03296-F262-2760-9861-73C41AF3766C}"
EndProject
Global
	GlobalSection(SolutionConfigurationPlatforms) = preSolution
		Debug|Any CPU = Debug|Any CPU
		Debug|x64 = Debug|x64
		Debug|x86 = Debug|x86
		Release|Any CPU = Release|Any CPU
		Release|x64 = Release|x64
		Release|x86 = Release|x86
	EndGlobalSection
	GlobalSection(ProjectConfigurationPlatforms) = postSolution
		{DE32BB5C-5D9E-47C5-A1FD-A5CEEBF56B45}.Debug|Any CPU.ActiveCfg = Debug|Any CPU
		{DE32BB5C-5D9E-47C5-A1FD-A5CEEBF56B45}.Debug|Any CPU.Build.0 = Debug|Any CPU
		{DE32BB5C-5D9E-47C5-A1FD-A5CEEBF56B45}.Debug|x64.ActiveCfg = Debug|Any CPU
		{DE32BB5C-5D9E-47C5-A1FD-A5CEEBF56B45}.Debug|x64.Build.0 = Debug|Any CPU
		{DE32BB5C-5D9E-47C5-A1FD-A5CEEBF56B45}.Debug|x86.ActiveCfg = Debug|Any CPU
		{DE32BB5C-5D9E-47C5-A1FD-A5CEEBF56B45}.Debug|x86.Build.0 = Debug|Any CPU
		{DE32BB5C-5D9E-47C5-A1FD-A5CEEBF56B45}.Release|Any CPU.ActiveCfg = Release|Any CPU
		{DE32BB5C-5D9E-47C5-A1FD-A5CEEBF56B45}.Release|Any CPU.Build.0 = Release|Any CPU
		{DE32BB5C-5D9E-47C5-A1FD-A5CEEBF56B45}.Release|x64.ActiveCfg = Release|Any CPU
		{DE32BB5C-5D9E-47C5-A1FD-A5CEEBF56B45}.Release|x64.Build.0 = Release|Any CPU
		{DE32BB5C-5D9E-47C5-A1FD-A5CEEBF56B45}.Release|x86.ActiveCfg = Release|Any CPU
		{DE32BB5C-5D9E-47C5-A1FD-A5CEEBF56B45}.Release|x86.Build.0 = Release|Any CPU
		{1A1DC997-BF35-4B96-8DC2-D8608A3084DE}.Debug|Any CPU.ActiveCfg = Debug|Any CPU
		{1A1DC997-BF35-4B96-8DC2-D8608A3084DE}.Debug|Any CPU.Build.0 = Debug|Any CPU
		{1A1DC997-BF35-4B96-8DC2-D8608A3084DE}.Debug|x64.ActiveCfg = Debug|Any CPU
		{1A1DC997-BF35-4B96-8DC2-D8608A3084DE}.Debug|x64.Build.0 = Debug|Any CPU
		{1A1DC997-BF35-4B96-8DC2-D8608A3084DE}.Debug|x86.ActiveCfg = Debug|Any CPU
		{1A1DC997-BF35-4B96-8DC2-D8608A3084DE}.Debug|x86.Build.0 = Debug|Any CPU
		{1A1DC997-BF35-4B96-8DC2-D8608A3084DE}.Release|Any CPU.ActiveCfg = Release|Any CPU
		{1A1DC997-BF35-4B96-8DC2-D8608A3084DE}.Release|Any CPU.Build.0 = Release|Any CPU
		{1A1DC997-BF35-4B96-8DC2-D8608A3084DE}.Release|x64.ActiveCfg = Release|Any CPU
		{1A1DC997-BF35-4B96-8DC2-D8608A3084DE}.Release|x64.Build.0 = Release|Any CPU
		{1A1DC997-BF35-4B96-8DC2-D8608A3084DE}.Release|x86.ActiveCfg = Release|Any CPU
		{1A1DC997-BF35-4B96-8DC2-D8608A3084DE}.Release|x86.Build.0 = Release|Any CPU
		{4A288D96-60B6-451B-A142-747D074CE42E}.Debug|Any CPU.ActiveCfg = Debug|Any CPU
		{4A288D96-60B6-451B-A142-747D074CE42E}.Debug|Any CPU.Build.0 = Debug|Any CPU
		{4A288D96-60B6-451B-A142-747D074CE42E}.Debug|x64.ActiveCfg = Debug|Any CPU
		{4A288D96-60B6-451B-A142-747D074CE42E}.Debug|x64.Build.0 = Debug|Any CPU
		{4A288D96-60B6-451B-A142-747D074CE42E}.Debug|x86.ActiveCfg = Debug|Any CPU
		{4A288D96-60B6-451B-A142-747D074CE42E}.Debug|x86.Build.0 = Debug|Any CPU
		{4A288D96-60B6-451B-A142-747D074CE42E}.Release|Any CPU.ActiveCfg = Release|Any CPU
		{4A288D96-60B6-451B-A142-747D074CE42E}.Release|Any CPU.Build.0 = Release|Any CPU
		{4A288D96-60B6-451B-A142-747D074CE42E}.Release|x64.ActiveCfg = Release|Any CPU
		{4A288D96-60B6-451B-A142-747D074CE42E}.Release|x64.Build.0 = Release|Any CPU
		{4A288D96-60B6-451B-A142-747D074CE42E}.Release|x86.ActiveCfg = Release|Any CPU
		{4A288D96-60B6-451B-A142-747D074CE42E}.Release|x86.Build.0 = Release|Any CPU
		{83FA1B34-EEB2-43DB-A5C5-9B4CC7F3690E}.Debug|Any CPU.ActiveCfg = Debug|Any CPU
		{83FA1B34-EEB2-43DB-A5C5-9B4CC7F3690E}.Debug|Any CPU.Build.0 = Debug|Any CPU
		{83FA1B34-EEB2-43DB-A5C5-9B4CC7F3690E}.Debug|x64.ActiveCfg = Debug|Any CPU
		{83FA1B34-EEB2-43DB-A5C5-9B4CC7F3690E}.Debug|x64.Build.0 = Debug|Any CPU
		{83FA1B34-EEB2-43DB-A5C5-9B4CC7F3690E}.Debug|x86.ActiveCfg = Debug|Any CPU
		{83FA1B34-EEB2-43DB-A5C5-9B4CC7F3690E}.Debug|x86.Build.0 = Debug|Any CPU
		{83FA1B34-EEB2-43DB-A5C5-9B4CC7F3690E}.Release|Any CPU.ActiveCfg = Release|Any CPU
		{83FA1B34-EEB2-43DB-A5C5-9B4CC7F3690E}.Release|Any CPU.Build.0 = Release|Any CPU
		{83FA1B34-EEB2-43DB-A5C5-9B4CC7F3690E}.Release|x64.ActiveCfg = Release|Any CPU
		{83FA1B34-EEB2-43DB-A5C5-9B4CC7F3690E}.Release|x64.Build.0 = Release|Any CPU
		{83FA1B34-EEB2-43DB-A5C5-9B4CC7F3690E}.Release|x86.ActiveCfg = Release|Any CPU
		{83FA1B34-EEB2-43DB-A5C5-9B4CC7F3690E}.Release|x86.Build.0 = Release|Any CPU
		{53128F2D-AF70-4D06-8777-F5DD6B0E813F}.Debug|Any CPU.ActiveCfg = Debug|Any CPU
		{53128F2D-AF70-4D06-8777-F5DD6B0E813F}.Debug|Any CPU.Build.0 = Debug|Any CPU
		{53128F2D-AF70-4D06-8777-F5DD6B0E813F}.Debug|x64.ActiveCfg = Debug|Any CPU
		{53128F2D-AF70-4D06-8777-F5DD6B0E813F}.Debug|x64.Build.0 = Debug|Any CPU
		{53128F2D-AF70-4D06-8777-F5DD6B0E813F}.Debug|x86.ActiveCfg = Debug|Any CPU
		{53128F2D-AF70-4D06-8777-F5DD6B0E813F}.Debug|x86.Build.0 = Debug|Any CPU
		{53128F2D-AF70-4D06-8777-F5DD6B0E813F}.Release|Any CPU.ActiveCfg = Release|Any CPU
		{53128F2D-AF70-4D06-8777-F5DD6B0E813F}.Release|Any CPU.Build.0 = Release|Any CPU
		{53128F2D-AF70-4D06-8777-F5DD6B0E813F}.Release|x64.ActiveCfg = Release|Any CPU
		{53128F2D-AF70-4D06-8777-F5DD6B0E813F}.Release|x64.Build.0 = Release|Any CPU
		{53128F2D-AF70-4D06-8777-F5DD6B0E813F}.Release|x86.ActiveCfg = Release|Any CPU
		{53128F2D-AF70-4D06-8777-F5DD6B0E813F}.Release|x86.Build.0 = Release|Any CPU
		{377FDA0B-70D3-4C97-BAA4-B98D095D63F5}.Debug|Any CPU.ActiveCfg = Debug|Any CPU
		{377FDA0B-70D3-4C97-BAA4-B98D095D63F5}.Debug|Any CPU.Build.0 = Debug|Any CPU
		{377FDA0B-70D3-4C97-BAA4-B98D095D63F5}.Debug|x64.ActiveCfg = Debug|Any CPU
		{377FDA0B-70D3-4C97-BAA4-B98D095D63F5}.Debug|x64.Build.0 = Debug|Any CPU
		{377FDA0B-70D3-4C97-BAA4-B98D095D63F5}.Debug|x86.ActiveCfg = Debug|Any CPU
		{377FDA0B-70D3-4C97-BAA4-B98D095D63F5}.Debug|x86.Build.0 = Debug|Any CPU
		{377FDA0B-70D3-4C97-BAA4-B98D095D63F5}.Release|Any CPU.ActiveCfg = Release|Any CPU
		{377FDA0B-70D3-4C97-BAA4-B98D095D63F5}.Release|Any CPU.Build.0 = Release|Any CPU
		{377FDA0B-70D3-4C97-BAA4-B98D095D63F5}.Release|x64.ActiveCfg = Release|Any CPU
		{377FDA0B-70D3-4C97-BAA4-B98D095D63F5}.Release|x64.Build.0 = Release|Any CPU
		{377FDA0B-70D3-4C97-BAA4-B98D095D63F5}.Release|x86.ActiveCfg = Release|Any CPU
		{377FDA0B-70D3-4C97-BAA4-B98D095D63F5}.Release|x86.Build.0 = Release|Any CPU
		{76DBDDDB-1B3C-42A8-B2D2-3F14A0669C44}.Debug|Any CPU.ActiveCfg = Debug|Any CPU
		{76DBDDDB-1B3C-42A8-B2D2-3F14A0669C44}.Debug|Any CPU.Build.0 = Debug|Any CPU
		{76DBDDDB-1B3C-42A8-B2D2-3F14A0669C44}.Debug|x64.ActiveCfg = Debug|Any CPU
		{76DBDDDB-1B3C-42A8-B2D2-3F14A0669C44}.Debug|x64.Build.0 = Debug|Any CPU
		{76DBDDDB-1B3C-42A8-B2D2-3F14A0669C44}.Debug|x86.ActiveCfg = Debug|Any CPU
		{76DBDDDB-1B3C-42A8-B2D2-3F14A0669C44}.Debug|x86.Build.0 = Debug|Any CPU
		{76DBDDDB-1B3C-42A8-B2D2-3F14A0669C44}.Release|Any CPU.ActiveCfg = Release|Any CPU
		{76DBDDDB-1B3C-42A8-B2D2-3F14A0669C44}.Release|Any CPU.Build.0 = Release|Any CPU
		{76DBDDDB-1B3C-42A8-B2D2-3F14A0669C44}.Release|x64.ActiveCfg = Release|Any CPU
		{76DBDDDB-1B3C-42A8-B2D2-3F14A0669C44}.Release|x64.Build.0 = Release|Any CPU
		{76DBDDDB-1B3C-42A8-B2D2-3F14A0669C44}.Release|x86.ActiveCfg = Release|Any CPU
		{76DBDDDB-1B3C-42A8-B2D2-3F14A0669C44}.Release|x86.Build.0 = Release|Any CPU
		{B205E8E5-2F02-4EB7-BE56-3F4A22DF7F32}.Debug|Any CPU.ActiveCfg = Debug|Any CPU
		{B205E8E5-2F02-4EB7-BE56-3F4A22DF7F32}.Debug|Any CPU.Build.0 = Debug|Any CPU
		{B205E8E5-2F02-4EB7-BE56-3F4A22DF7F32}.Debug|x64.ActiveCfg = Debug|Any CPU
		{B205E8E5-2F02-4EB7-BE56-3F4A22DF7F32}.Debug|x64.Build.0 = Debug|Any CPU
		{B205E8E5-2F02-4EB7-BE56-3F4A22DF7F32}.Debug|x86.ActiveCfg = Debug|Any CPU
		{B205E8E5-2F02-4EB7-BE56-3F4A22DF7F32}.Debug|x86.Build.0 = Debug|Any CPU
		{B205E8E5-2F02-4EB7-BE56-3F4A22DF7F32}.Release|Any CPU.ActiveCfg = Release|Any CPU
		{B205E8E5-2F02-4EB7-BE56-3F4A22DF7F32}.Release|Any CPU.Build.0 = Release|Any CPU
		{B205E8E5-2F02-4EB7-BE56-3F4A22DF7F32}.Release|x64.ActiveCfg = Release|Any CPU
		{B205E8E5-2F02-4EB7-BE56-3F4A22DF7F32}.Release|x64.Build.0 = Release|Any CPU
		{B205E8E5-2F02-4EB7-BE56-3F4A22DF7F32}.Release|x86.ActiveCfg = Release|Any CPU
		{B205E8E5-2F02-4EB7-BE56-3F4A22DF7F32}.Release|x86.Build.0 = Release|Any CPU
		{F0D1501E-3566-45C2-B925-4B1B3B76AFF8}.Debug|Any CPU.ActiveCfg = Debug|Any CPU
		{F0D1501E-3566-45C2-B925-4B1B3B76AFF8}.Debug|Any CPU.Build.0 = Debug|Any CPU
		{F0D1501E-3566-45C2-B925-4B1B3B76AFF8}.Debug|x64.ActiveCfg = Debug|Any CPU
		{F0D1501E-3566-45C2-B925-4B1B3B76AFF8}.Debug|x64.Build.0 = Debug|Any CPU
		{F0D1501E-3566-45C2-B925-4B1B3B76AFF8}.Debug|x86.ActiveCfg = Debug|Any CPU
		{F0D1501E-3566-45C2-B925-4B1B3B76AFF8}.Debug|x86.Build.0 = Debug|Any CPU
		{F0D1501E-3566-45C2-B925-4B1B3B76AFF8}.Release|Any CPU.ActiveCfg = Release|Any CPU
		{F0D1501E-3566-45C2-B925-4B1B3B76AFF8}.Release|Any CPU.Build.0 = Release|Any CPU
		{F0D1501E-3566-45C2-B925-4B1B3B76AFF8}.Release|x64.ActiveCfg = Release|Any CPU
		{F0D1501E-3566-45C2-B925-4B1B3B76AFF8}.Release|x64.Build.0 = Release|Any CPU
		{F0D1501E-3566-45C2-B925-4B1B3B76AFF8}.Release|x86.ActiveCfg = Release|Any CPU
		{F0D1501E-3566-45C2-B925-4B1B3B76AFF8}.Release|x86.Build.0 = Release|Any CPU
		{FEF5ECF4-CB88-41D4-9A27-D356FADC7BC1}.Debug|Any CPU.ActiveCfg = Debug|Any CPU
		{FEF5ECF4-CB88-41D4-9A27-D356FADC7BC1}.Debug|Any CPU.Build.0 = Debug|Any CPU
		{FEF5ECF4-CB88-41D4-9A27-D356FADC7BC1}.Debug|x64.ActiveCfg = Debug|Any CPU
		{FEF5ECF4-CB88-41D4-9A27-D356FADC7BC1}.Debug|x64.Build.0 = Debug|Any CPU
		{FEF5ECF4-CB88-41D4-9A27-D356FADC7BC1}.Debug|x86.ActiveCfg = Debug|Any CPU
		{FEF5ECF4-CB88-41D4-9A27-D356FADC7BC1}.Debug|x86.Build.0 = Debug|Any CPU
		{FEF5ECF4-CB88-41D4-9A27-D356FADC7BC1}.Release|Any CPU.ActiveCfg = Release|Any CPU
		{FEF5ECF4-CB88-41D4-9A27-D356FADC7BC1}.Release|Any CPU.Build.0 = Release|Any CPU
		{FEF5ECF4-CB88-41D4-9A27-D356FADC7BC1}.Release|x64.ActiveCfg = Release|Any CPU
		{FEF5ECF4-CB88-41D4-9A27-D356FADC7BC1}.Release|x64.Build.0 = Release|Any CPU
		{FEF5ECF4-CB88-41D4-9A27-D356FADC7BC1}.Release|x86.ActiveCfg = Release|Any CPU
		{FEF5ECF4-CB88-41D4-9A27-D356FADC7BC1}.Release|x86.Build.0 = Release|Any CPU
		{74F22B32-B5B1-4DFD-93C1-25E7C07ADFCE}.Debug|Any CPU.ActiveCfg = Debug|Any CPU
		{74F22B32-B5B1-4DFD-93C1-25E7C07ADFCE}.Debug|Any CPU.Build.0 = Debug|Any CPU
		{74F22B32-B5B1-4DFD-93C1-25E7C07ADFCE}.Debug|x64.ActiveCfg = Debug|Any CPU
		{74F22B32-B5B1-4DFD-93C1-25E7C07ADFCE}.Debug|x64.Build.0 = Debug|Any CPU
		{74F22B32-B5B1-4DFD-93C1-25E7C07ADFCE}.Debug|x86.ActiveCfg = Debug|Any CPU
		{74F22B32-B5B1-4DFD-93C1-25E7C07ADFCE}.Debug|x86.Build.0 = Debug|Any CPU
		{74F22B32-B5B1-4DFD-93C1-25E7C07ADFCE}.Release|Any CPU.ActiveCfg = Release|Any CPU
		{74F22B32-B5B1-4DFD-93C1-25E7C07ADFCE}.Release|Any CPU.Build.0 = Release|Any CPU
		{74F22B32-B5B1-4DFD-93C1-25E7C07ADFCE}.Release|x64.ActiveCfg = Release|Any CPU
		{74F22B32-B5B1-4DFD-93C1-25E7C07ADFCE}.Release|x64.Build.0 = Release|Any CPU
		{74F22B32-B5B1-4DFD-93C1-25E7C07ADFCE}.Release|x86.ActiveCfg = Release|Any CPU
		{74F22B32-B5B1-4DFD-93C1-25E7C07ADFCE}.Release|x86.Build.0 = Release|Any CPU
		{3AC7DCD7-43CA-4359-A377-65D59746BDB9}.Debug|Any CPU.ActiveCfg = Debug|Any CPU
		{3AC7DCD7-43CA-4359-A377-65D59746BDB9}.Debug|Any CPU.Build.0 = Debug|Any CPU
		{3AC7DCD7-43CA-4359-A377-65D59746BDB9}.Debug|x64.ActiveCfg = Debug|Any CPU
		{3AC7DCD7-43CA-4359-A377-65D59746BDB9}.Debug|x64.Build.0 = Debug|Any CPU
		{3AC7DCD7-43CA-4359-A377-65D59746BDB9}.Debug|x86.ActiveCfg = Debug|Any CPU
		{3AC7DCD7-43CA-4359-A377-65D59746BDB9}.Debug|x86.Build.0 = Debug|Any CPU
		{3AC7DCD7-43CA-4359-A377-65D59746BDB9}.Release|Any CPU.ActiveCfg = Release|Any CPU
		{3AC7DCD7-43CA-4359-A377-65D59746BDB9}.Release|Any CPU.Build.0 = Release|Any CPU
		{3AC7DCD7-43CA-4359-A377-65D59746BDB9}.Release|x64.ActiveCfg = Release|Any CPU
		{3AC7DCD7-43CA-4359-A377-65D59746BDB9}.Release|x64.Build.0 = Release|Any CPU
		{3AC7DCD7-43CA-4359-A377-65D59746BDB9}.Release|x86.ActiveCfg = Release|Any CPU
		{3AC7DCD7-43CA-4359-A377-65D59746BDB9}.Release|x86.Build.0 = Release|Any CPU
		{B9B26D6B-30D1-4435-9C87-EED7E91EFF55}.Debug|Any CPU.ActiveCfg = Debug|Any CPU
		{B9B26D6B-30D1-4435-9C87-EED7E91EFF55}.Debug|Any CPU.Build.0 = Debug|Any CPU
		{B9B26D6B-30D1-4435-9C87-EED7E91EFF55}.Debug|x64.ActiveCfg = Debug|Any CPU
		{B9B26D6B-30D1-4435-9C87-EED7E91EFF55}.Debug|x64.Build.0 = Debug|Any CPU
		{B9B26D6B-30D1-4435-9C87-EED7E91EFF55}.Debug|x86.ActiveCfg = Debug|Any CPU
		{B9B26D6B-30D1-4435-9C87-EED7E91EFF55}.Debug|x86.Build.0 = Debug|Any CPU
		{B9B26D6B-30D1-4435-9C87-EED7E91EFF55}.Release|Any CPU.ActiveCfg = Release|Any CPU
		{B9B26D6B-30D1-4435-9C87-EED7E91EFF55}.Release|Any CPU.Build.0 = Release|Any CPU
		{B9B26D6B-30D1-4435-9C87-EED7E91EFF55}.Release|x64.ActiveCfg = Release|Any CPU
		{B9B26D6B-30D1-4435-9C87-EED7E91EFF55}.Release|x64.Build.0 = Release|Any CPU
		{B9B26D6B-30D1-4435-9C87-EED7E91EFF55}.Release|x86.ActiveCfg = Release|Any CPU
		{B9B26D6B-30D1-4435-9C87-EED7E91EFF55}.Release|x86.Build.0 = Release|Any CPU
		{7D338CAD-FB99-4ADF-BBC6-1CCD9C89C28A}.Debug|Any CPU.ActiveCfg = Debug|Any CPU
		{7D338CAD-FB99-4ADF-BBC6-1CCD9C89C28A}.Debug|Any CPU.Build.0 = Debug|Any CPU
		{7D338CAD-FB99-4ADF-BBC6-1CCD9C89C28A}.Debug|x64.ActiveCfg = Debug|Any CPU
		{7D338CAD-FB99-4ADF-BBC6-1CCD9C89C28A}.Debug|x64.Build.0 = Debug|Any CPU
		{7D338CAD-FB99-4ADF-BBC6-1CCD9C89C28A}.Debug|x86.ActiveCfg = Debug|Any CPU
		{7D338CAD-FB99-4ADF-BBC6-1CCD9C89C28A}.Debug|x86.Build.0 = Debug|Any CPU
		{7D338CAD-FB99-4ADF-BBC6-1CCD9C89C28A}.Release|Any CPU.ActiveCfg = Release|Any CPU
		{7D338CAD-FB99-4ADF-BBC6-1CCD9C89C28A}.Release|Any CPU.Build.0 = Release|Any CPU
		{7D338CAD-FB99-4ADF-BBC6-1CCD9C89C28A}.Release|x64.ActiveCfg = Release|Any CPU
		{7D338CAD-FB99-4ADF-BBC6-1CCD9C89C28A}.Release|x64.Build.0 = Release|Any CPU
		{7D338CAD-FB99-4ADF-BBC6-1CCD9C89C28A}.Release|x86.ActiveCfg = Release|Any CPU
		{7D338CAD-FB99-4ADF-BBC6-1CCD9C89C28A}.Release|x86.Build.0 = Release|Any CPU
		{AAEF7254-7620-4900-83DF-77A5A0028CB8}.Debug|Any CPU.ActiveCfg = Debug|Any CPU
		{AAEF7254-7620-4900-83DF-77A5A0028CB8}.Debug|Any CPU.Build.0 = Debug|Any CPU
		{AAEF7254-7620-4900-83DF-77A5A0028CB8}.Debug|x64.ActiveCfg = Debug|Any CPU
		{AAEF7254-7620-4900-83DF-77A5A0028CB8}.Debug|x64.Build.0 = Debug|Any CPU
		{AAEF7254-7620-4900-83DF-77A5A0028CB8}.Debug|x86.ActiveCfg = Debug|Any CPU
		{AAEF7254-7620-4900-83DF-77A5A0028CB8}.Debug|x86.Build.0 = Debug|Any CPU
		{AAEF7254-7620-4900-83DF-77A5A0028CB8}.Release|Any CPU.ActiveCfg = Release|Any CPU
		{AAEF7254-7620-4900-83DF-77A5A0028CB8}.Release|Any CPU.Build.0 = Release|Any CPU
		{AAEF7254-7620-4900-83DF-77A5A0028CB8}.Release|x64.ActiveCfg = Release|Any CPU
		{AAEF7254-7620-4900-83DF-77A5A0028CB8}.Release|x64.Build.0 = Release|Any CPU
		{AAEF7254-7620-4900-83DF-77A5A0028CB8}.Release|x86.ActiveCfg = Release|Any CPU
		{AAEF7254-7620-4900-83DF-77A5A0028CB8}.Release|x86.Build.0 = Release|Any CPU
		{A3B5770F-BA30-4D03-A8E0-3287572B157E}.Debug|Any CPU.ActiveCfg = Debug|Any CPU
		{A3B5770F-BA30-4D03-A8E0-3287572B157E}.Debug|Any CPU.Build.0 = Debug|Any CPU
		{A3B5770F-BA30-4D03-A8E0-3287572B157E}.Debug|x64.ActiveCfg = Debug|Any CPU
		{A3B5770F-BA30-4D03-A8E0-3287572B157E}.Debug|x64.Build.0 = Debug|Any CPU
		{A3B5770F-BA30-4D03-A8E0-3287572B157E}.Debug|x86.ActiveCfg = Debug|Any CPU
		{A3B5770F-BA30-4D03-A8E0-3287572B157E}.Debug|x86.Build.0 = Debug|Any CPU
		{A3B5770F-BA30-4D03-A8E0-3287572B157E}.Release|Any CPU.ActiveCfg = Release|Any CPU
		{A3B5770F-BA30-4D03-A8E0-3287572B157E}.Release|Any CPU.Build.0 = Release|Any CPU
		{A3B5770F-BA30-4D03-A8E0-3287572B157E}.Release|x64.ActiveCfg = Release|Any CPU
		{A3B5770F-BA30-4D03-A8E0-3287572B157E}.Release|x64.Build.0 = Release|Any CPU
		{A3B5770F-BA30-4D03-A8E0-3287572B157E}.Release|x86.ActiveCfg = Release|Any CPU
		{A3B5770F-BA30-4D03-A8E0-3287572B157E}.Release|x86.Build.0 = Release|Any CPU
		{E8E50629-C0C6-46AD-922E-640E0D611C6C}.Debug|Any CPU.ActiveCfg = Debug|Any CPU
		{E8E50629-C0C6-46AD-922E-640E0D611C6C}.Debug|Any CPU.Build.0 = Debug|Any CPU
		{E8E50629-C0C6-46AD-922E-640E0D611C6C}.Debug|x64.ActiveCfg = Debug|Any CPU
		{E8E50629-C0C6-46AD-922E-640E0D611C6C}.Debug|x64.Build.0 = Debug|Any CPU
		{E8E50629-C0C6-46AD-922E-640E0D611C6C}.Debug|x86.ActiveCfg = Debug|Any CPU
		{E8E50629-C0C6-46AD-922E-640E0D611C6C}.Debug|x86.Build.0 = Debug|Any CPU
		{E8E50629-C0C6-46AD-922E-640E0D611C6C}.Release|Any CPU.ActiveCfg = Release|Any CPU
		{E8E50629-C0C6-46AD-922E-640E0D611C6C}.Release|Any CPU.Build.0 = Release|Any CPU
		{E8E50629-C0C6-46AD-922E-640E0D611C6C}.Release|x64.ActiveCfg = Release|Any CPU
		{E8E50629-C0C6-46AD-922E-640E0D611C6C}.Release|x64.Build.0 = Release|Any CPU
		{E8E50629-C0C6-46AD-922E-640E0D611C6C}.Release|x86.ActiveCfg = Release|Any CPU
		{E8E50629-C0C6-46AD-922E-640E0D611C6C}.Release|x86.Build.0 = Release|Any CPU
		{94065821-E088-4664-A0D7-B7318BE80B1A}.Debug|Any CPU.ActiveCfg = Debug|Any CPU
		{94065821-E088-4664-A0D7-B7318BE80B1A}.Debug|Any CPU.Build.0 = Debug|Any CPU
		{94065821-E088-4664-A0D7-B7318BE80B1A}.Debug|x64.ActiveCfg = Debug|Any CPU
		{94065821-E088-4664-A0D7-B7318BE80B1A}.Debug|x64.Build.0 = Debug|Any CPU
		{94065821-E088-4664-A0D7-B7318BE80B1A}.Debug|x86.ActiveCfg = Debug|Any CPU
		{94065821-E088-4664-A0D7-B7318BE80B1A}.Debug|x86.Build.0 = Debug|Any CPU
		{94065821-E088-4664-A0D7-B7318BE80B1A}.Release|Any CPU.ActiveCfg = Release|Any CPU
		{94065821-E088-4664-A0D7-B7318BE80B1A}.Release|Any CPU.Build.0 = Release|Any CPU
		{94065821-E088-4664-A0D7-B7318BE80B1A}.Release|x64.ActiveCfg = Release|Any CPU
		{94065821-E088-4664-A0D7-B7318BE80B1A}.Release|x64.Build.0 = Release|Any CPU
		{94065821-E088-4664-A0D7-B7318BE80B1A}.Release|x86.ActiveCfg = Release|Any CPU
		{94065821-E088-4664-A0D7-B7318BE80B1A}.Release|x86.Build.0 = Release|Any CPU
		{2B0513E8-36C3-4A0B-97C7-0D9C712FDA34}.Debug|Any CPU.ActiveCfg = Debug|Any CPU
		{2B0513E8-36C3-4A0B-97C7-0D9C712FDA34}.Debug|Any CPU.Build.0 = Debug|Any CPU
		{2B0513E8-36C3-4A0B-97C7-0D9C712FDA34}.Debug|x64.ActiveCfg = Debug|Any CPU
		{2B0513E8-36C3-4A0B-97C7-0D9C712FDA34}.Debug|x64.Build.0 = Debug|Any CPU
		{2B0513E8-36C3-4A0B-97C7-0D9C712FDA34}.Debug|x86.ActiveCfg = Debug|Any CPU
		{2B0513E8-36C3-4A0B-97C7-0D9C712FDA34}.Debug|x86.Build.0 = Debug|Any CPU
		{2B0513E8-36C3-4A0B-97C7-0D9C712FDA34}.Release|Any CPU.ActiveCfg = Release|Any CPU
		{2B0513E8-36C3-4A0B-97C7-0D9C712FDA34}.Release|Any CPU.Build.0 = Release|Any CPU
		{2B0513E8-36C3-4A0B-97C7-0D9C712FDA34}.Release|x64.ActiveCfg = Release|Any CPU
		{2B0513E8-36C3-4A0B-97C7-0D9C712FDA34}.Release|x64.Build.0 = Release|Any CPU
		{2B0513E8-36C3-4A0B-97C7-0D9C712FDA34}.Release|x86.ActiveCfg = Release|Any CPU
		{2B0513E8-36C3-4A0B-97C7-0D9C712FDA34}.Release|x86.Build.0 = Release|Any CPU
		{7FBD6C49-0EAE-45FA-866F-9D9BEA8C7476}.Debug|Any CPU.ActiveCfg = Debug|Any CPU
		{7FBD6C49-0EAE-45FA-866F-9D9BEA8C7476}.Debug|Any CPU.Build.0 = Debug|Any CPU
		{7FBD6C49-0EAE-45FA-866F-9D9BEA8C7476}.Debug|x64.ActiveCfg = Debug|Any CPU
		{7FBD6C49-0EAE-45FA-866F-9D9BEA8C7476}.Debug|x64.Build.0 = Debug|Any CPU
		{7FBD6C49-0EAE-45FA-866F-9D9BEA8C7476}.Debug|x86.ActiveCfg = Debug|Any CPU
		{7FBD6C49-0EAE-45FA-866F-9D9BEA8C7476}.Debug|x86.Build.0 = Debug|Any CPU
		{7FBD6C49-0EAE-45FA-866F-9D9BEA8C7476}.Release|Any CPU.ActiveCfg = Release|Any CPU
		{7FBD6C49-0EAE-45FA-866F-9D9BEA8C7476}.Release|Any CPU.Build.0 = Release|Any CPU
		{7FBD6C49-0EAE-45FA-866F-9D9BEA8C7476}.Release|x64.ActiveCfg = Release|Any CPU
		{7FBD6C49-0EAE-45FA-866F-9D9BEA8C7476}.Release|x64.Build.0 = Release|Any CPU
		{7FBD6C49-0EAE-45FA-866F-9D9BEA8C7476}.Release|x86.ActiveCfg = Release|Any CPU
		{7FBD6C49-0EAE-45FA-866F-9D9BEA8C7476}.Release|x86.Build.0 = Release|Any CPU
		{61F5E171-984D-4F98-922D-FC05E3F9D03F}.Debug|Any CPU.ActiveCfg = Debug|Any CPU
		{61F5E171-984D-4F98-922D-FC05E3F9D03F}.Debug|Any CPU.Build.0 = Debug|Any CPU
		{61F5E171-984D-4F98-922D-FC05E3F9D03F}.Debug|x64.ActiveCfg = Debug|Any CPU
		{61F5E171-984D-4F98-922D-FC05E3F9D03F}.Debug|x64.Build.0 = Debug|Any CPU
		{61F5E171-984D-4F98-922D-FC05E3F9D03F}.Debug|x86.ActiveCfg = Debug|Any CPU
		{61F5E171-984D-4F98-922D-FC05E3F9D03F}.Debug|x86.Build.0 = Debug|Any CPU
		{61F5E171-984D-4F98-922D-FC05E3F9D03F}.Release|Any CPU.ActiveCfg = Release|Any CPU
		{61F5E171-984D-4F98-922D-FC05E3F9D03F}.Release|Any CPU.Build.0 = Release|Any CPU
		{61F5E171-984D-4F98-922D-FC05E3F9D03F}.Release|x64.ActiveCfg = Release|Any CPU
		{61F5E171-984D-4F98-922D-FC05E3F9D03F}.Release|x64.Build.0 = Release|Any CPU
		{61F5E171-984D-4F98-922D-FC05E3F9D03F}.Release|x86.ActiveCfg = Release|Any CPU
		{61F5E171-984D-4F98-922D-FC05E3F9D03F}.Release|x86.Build.0 = Release|Any CPU
	EndGlobalSection
	GlobalSection(SolutionProperties) = preSolution
		HideSolutionNode = FALSE
	EndGlobalSection
	GlobalSection(NestedProjects) = preSolution
		{DE32BB5C-5D9E-47C5-A1FD-A5CEEBF56B45} = {827E0CD3-B72D-47B6-A68D-7590B98EB39B}
		{1A1DC997-BF35-4B96-8DC2-D8608A3084DE} = {827E0CD3-B72D-47B6-A68D-7590B98EB39B}
		{4A288D96-60B6-451B-A142-747D074CE42E} = {827E0CD3-B72D-47B6-A68D-7590B98EB39B}
		{83FA1B34-EEB2-43DB-A5C5-9B4CC7F3690E} = {827E0CD3-B72D-47B6-A68D-7590B98EB39B}
		{53128F2D-AF70-4D06-8777-F5DD6B0E813F} = {827E0CD3-B72D-47B6-A68D-7590B98EB39B}
		{377FDA0B-70D3-4C97-BAA4-B98D095D63F5} = {827E0CD3-B72D-47B6-A68D-7590B98EB39B}
		{76DBDDDB-1B3C-42A8-B2D2-3F14A0669C44} = {827E0CD3-B72D-47B6-A68D-7590B98EB39B}
		{B205E8E5-2F02-4EB7-BE56-3F4A22DF7F32} = {827E0CD3-B72D-47B6-A68D-7590B98EB39B}
		{F0D1501E-3566-45C2-B925-4B1B3B76AFF8} = {827E0CD3-B72D-47B6-A68D-7590B98EB39B}
		{FEF5ECF4-CB88-41D4-9A27-D356FADC7BC1} = {827E0CD3-B72D-47B6-A68D-7590B98EB39B}
		{74F22B32-B5B1-4DFD-93C1-25E7C07ADFCE} = {827E0CD3-B72D-47B6-A68D-7590B98EB39B}
		{3AC7DCD7-43CA-4359-A377-65D59746BDB9} = {827E0CD3-B72D-47B6-A68D-7590B98EB39B}
		{B9B26D6B-30D1-4435-9C87-EED7E91EFF55} = {827E0CD3-B72D-47B6-A68D-7590B98EB39B}
		{7D338CAD-FB99-4ADF-BBC6-1CCD9C89C28A} = {827E0CD3-B72D-47B6-A68D-7590B98EB39B}
		{AAEF7254-7620-4900-83DF-77A5A0028CB8} = {827E0CD3-B72D-47B6-A68D-7590B98EB39B}
		{A3B5770F-BA30-4D03-A8E0-3287572B157E} = {827E0CD3-B72D-47B6-A68D-7590B98EB39B}
		{E8E50629-C0C6-46AD-922E-640E0D611C6C} = {827E0CD3-B72D-47B6-A68D-7590B98EB39B}
		{94065821-E088-4664-A0D7-B7318BE80B1A} = {827E0CD3-B72D-47B6-A68D-7590B98EB39B}
		{2B0513E8-36C3-4A0B-97C7-0D9C712FDA34} = {827E0CD3-B72D-47B6-A68D-7590B98EB39B}
		{7FBD6C49-0EAE-45FA-866F-9D9BEA8C7476} = {0AB3BF05-4346-4AA6-1389-037BE0695223}
		{984BB9B3-3FA3-BE33-9484-CAC21695A33C} = {827E0CD3-B72D-47B6-A68D-7590B98EB39B}
		{AE739A45-391A-EF30-E101-24A1258AF99D} = {984BB9B3-3FA3-BE33-9484-CAC21695A33C}
		{61F5E171-984D-4F98-922D-FC05E3F9D03F} = {0AB3BF05-4346-4AA6-1389-037BE0695223}
		{3FB03296-F262-2760-9861-73C41AF3766C} = {984BB9B3-3FA3-BE33-9484-CAC21695A33C}
	EndGlobalSection
EndGlobal
